
Microsoft Visual Studio Solution File, Format Version 12.00
# Visual Studio 2013
VisualStudioVersion = 12.0.31101.0
MinimumVisualStudioVersion = 10.0.40219.1
Project("{FAE04EC0-301F-11D3-BF4B-00C04F79EFBC}") = "SearchBoxComparison", "SearchBoxComparison\SearchBoxComparison.csproj", "{17559B35-9E98-4E9A-A2D0-05958E494075}"
EndProject
Global
	GlobalSection(SolutionConfigurationPlatforms) = preSolution
		Debug|Any CPU = Debug|Any CPU
		Release|Any CPU = Release|Any CPU
	EndGlobalSection
	GlobalSection(ProjectConfigurationPlatforms) = postSolution
		{17559B35-9E98-4E9A-A2D0-05958E494075}.Debug|Any CPU.ActiveCfg = Debug|Any CPU
		{17559B35-9E98-4E9A-A2D0-05958E494075}.Debug|Any CPU.Build.0 = Debug|Any CPU
		{17559B35-9E98-4E9A-A2D0-05958E494075}.Release|Any CPU.ActiveCfg = Release|Any CPU
		{17559B35-9E98-4E9A-A2D0-05958E494075}.Release|Any CPU.Build.0 = Release|Any CPU
	EndGlobalSection
	GlobalSection(SolutionProperties) = preSolution
		HideSolutionNode = FALSE
	EndGlobalSection
EndGlobal
